
Microsoft Visual Studio Solution File, Format Version 12.00
# Visual Studio Version 17
VisualStudioVersion = 17.6.33829.357
MinimumVisualStudioVersion = 10.0.40219.1
Project("{FAE04EC0-301F-11D3-BF4B-00C04F79EFBC}") = "OfficeManager", "OfficeManager\OfficeManager.csproj", "{870EAC6F-6142-4BDB-BC33-21DEC2940388}"
EndProject
Global
	GlobalSection(SolutionConfigurationPlatforms) = preSolution
		Debug|Any CPU = Debug|Any CPU
		Release|Any CPU = Release|Any CPU
	EndGlobalSection
	GlobalSection(ProjectConfigurationPlatforms) = postSolution
		{870EAC6F-6142-4BDB-BC33-21DEC2940388}.Debug|Any CPU.ActiveCfg = Debug|Any CPU
		{870EAC6F-6142-4BDB-BC33-21DEC2940388}.Debug|Any CPU.Build.0 = Debug|Any CPU
		{870EAC6F-6142-4BDB-BC33-21DEC2940388}.Release|Any CPU.ActiveCfg = Release|Any CPU
		{870EAC6F-6142-4BDB-BC33-21DEC2940388}.Release|Any CPU.Build.0 = Release|Any CPU
	EndGlobalSection
	GlobalSection(SolutionProperties) = preSolution
		HideSolutionNode = FALSE
	EndGlobalSection
	GlobalSection(ExtensibilityGlobals) = postSolution
		SolutionGuid = {CC12F788-9CD8-45E7-9854-3573B3C39CDA}
	EndGlobalSection
EndGlobal
